
Microsoft Visual Studio Solution File, Format Version 12.00
# Visual Studio Version 17
VisualStudioVersion = 17.13.35919.96
MinimumVisualStudioVersion = 10.0.40219.1
Project("{FAE04EC0-301F-11D3-BF4B-00C04F79EFBC}") = "BookingApi", "BookingApi\BookingApi.csproj", "{F6A13468-29F4-4B84-B932-E636E3F1EE14}"
EndProject
Project("{FAE04EC0-301F-11D3-BF4B-00C04F79EFBC}") = "BookingApi.Business", "BookingApi.Business\BookingApi.Business.csproj", "{31DB03DE-EC05-4AA6-86EC-FBFD7729C765}"
EndProject
Project("{FAE04EC0-301F-11D3-BF4B-00C04F79EFBC}") = "BookingApi.Core", "BookingApi.Core\BookingApi.Core.csproj", "{771A4182-989B-490D-B331-CF0CA53FDFBE}"
EndProject
Project("{FAE04EC0-301F-11D3-BF4B-00C04F79EFBC}") = "BookingApi.DataAccess", "BookingApi.DataAccess\BookingApi.DataAccess.csproj", "{198D220D-12EF-46B0-BAD5-8ADF348D5F28}"
EndProject
Project("{FAE04EC0-301F-11D3-BF4B-00C04F79EFBC}") = "BookingApi.Tests", "Test\BookingApi.Tests.csproj", "{08A3559A-5981-42BD-B8A9-1B4C17A78B6C}"
EndProject
Global
	GlobalSection(SolutionConfigurationPlatforms) = preSolution
		Debug|Any CPU = Debug|Any CPU
		Release|Any CPU = Release|Any CPU
	EndGlobalSection
	GlobalSection(ProjectConfigurationPlatforms) = postSolution
		{F6A13468-29F4-4B84-B932-E636E3F1EE14}.Debug|Any CPU.ActiveCfg = Debug|Any CPU
		{F6A13468-29F4-4B84-B932-E636E3F1EE14}.Debug|Any CPU.Build.0 = Debug|Any CPU
		{F6A13468-29F4-4B84-B932-E636E3F1EE14}.Release|Any CPU.ActiveCfg = Release|Any CPU
		{F6A13468-29F4-4B84-B932-E636E3F1EE14}.Release|Any CPU.Build.0 = Release|Any CPU
		{31DB03DE-EC05-4AA6-86EC-FBFD7729C765}.Debug|Any CPU.ActiveCfg = Debug|Any CPU
		{31DB03DE-EC05-4AA6-86EC-FBFD7729C765}.Debug|Any CPU.Build.0 = Debug|Any CPU
		{31DB03DE-EC05-4AA6-86EC-FBFD7729C765}.Release|Any CPU.ActiveCfg = Release|Any CPU
		{31DB03DE-EC05-4AA6-86EC-FBFD7729C765}.Release|Any CPU.Build.0 = Release|Any CPU
		{771A4182-989B-490D-B331-CF0CA53FDFBE}.Debug|Any CPU.ActiveCfg = Debug|Any CPU
		{771A4182-989B-490D-B331-CF0CA53FDFBE}.Debug|Any CPU.Build.0 = Debug|Any CPU
		{771A4182-989B-490D-B331-CF0CA53FDFBE}.Release|Any CPU.ActiveCfg = Release|Any CPU
		{771A4182-989B-490D-B331-CF0CA53FDFBE}.Release|Any CPU.Build.0 = Release|Any CPU
		{198D220D-12EF-46B0-BAD5-8ADF348D5F28}.Debug|Any CPU.ActiveCfg = Debug|Any CPU
		{198D220D-12EF-46B0-BAD5-8ADF348D5F28}.Debug|Any CPU.Build.0 = Debug|Any CPU
		{198D220D-12EF-46B0-BAD5-8ADF348D5F28}.Release|Any CPU.ActiveCfg = Release|Any CPU
		{198D220D-12EF-46B0-BAD5-8ADF348D5F28}.Release|Any CPU.Build.0 = Release|Any CPU
		{08A3559A-5981-42BD-B8A9-1B4C17A78B6C}.Debug|Any CPU.ActiveCfg = Debug|Any CPU
		{08A3559A-5981-42BD-B8A9-1B4C17A78B6C}.Debug|Any CPU.Build.0 = Debug|Any CPU
		{08A3559A-5981-42BD-B8A9-1B4C17A78B6C}.Release|Any CPU.ActiveCfg = Release|Any CPU
		{08A3559A-5981-42BD-B8A9-1B4C17A78B6C}.Release|Any CPU.Build.0 = Release|Any CPU
	EndGlobalSection
	GlobalSection(SolutionProperties) = preSolution
		HideSolutionNode = FALSE
	EndGlobalSection
	GlobalSection(ExtensibilityGlobals) = postSolution
		SolutionGuid = {B3B0B5FE-496C-4A6F-87F2-1EB59D5759B8}
	EndGlobalSection
EndGlobal
